<?xml version="1.0" encoding="utf-8"?>
<Project ToolsVersion="4.0" xmlns="http://schemas.microsoft.com/developer/msbuild/2003">
  <ItemGroup>
    <ClCompile Include="geometria.cpp" />
    <ClCompile Include="GestioneTesto.cpp" />
    <ClCompile Include="Laboratorio9_Studenti.cpp" />
    <ClCompile Include="road.cpp" />
    <ClCompile Include="ShaderMaker.cpp" />
  </ItemGroup>
  <ItemGroup>
    <ClInclude Include="Camera.h" />
    <ClInclude Include="Color.h" />
    <ClInclude Include="DrawMesh.h" />
    <ClInclude Include="geometria.h" />
    <ClInclude Include="Illuminazione.h" />
    <ClInclude Include="Lib.h" />
    <ClInclude Include="Materiali.h" />
    <ClInclude Include="Menu.h" />
    <ClInclude Include="ShaderMaker.h" />
    <ClInclude Include="Sole.h" />
    <ClInclude Include="Strutture.h" />
    <ClInclude Include="TransformMesh.h" />
    <ClInclude Include="VAO_And_Shader_Init.h" />
    <ClInclude Include="World.h" />
    <ClInclude Include="Agglomerato.h">
      <Filter>Oggetti</Filter>
    </ClInclude>
    <ClInclude Include="KeyCar.h">
      <Filter>Oggetti</Filter>
    </ClInclude>
  </ItemGroup>
  <ItemGroup>
    <None Include="fragmentShader_C.glsl" />
    <None Include="packages.config" />
    <None Include="vertexShader_C.glsl" />
  </ItemGroup>
  <ItemGroup>
    <Filter Include="Oggetti">
      <UniqueIdentifier>{d90b0a1c-b2b3-4eb2-b051-871042d9d59e}</UniqueIdentifier>
    </Filter>
  </ItemGroup>
</Project>